// !$*UTF8*$!
{
	archiveVersion = 1;
	classes = {
	};
	objectVersion = 56;
	objects = {

/* Begin PBXBuildFile section */
		E8AE0EF22A90F0C4001AC067 /* AppDelegate.swift in Sources */ = {isa = PBXBuildFile; fileRef = E8AE0EF12A90F0C4001AC067 /* AppDelegate.swift */; };
		E8AE0EF42A90F0C4001AC067 /* SceneDelegate.swift in Sources */ = {isa = PBXBuildFile; fileRef = E8AE0EF32A90F0C4001AC067 /* SceneDelegate.swift */; };
		E8AE0EF62A90F0C4001AC067 /* ViewController.swift in Sources */ = {isa = PBXBuildFile; fileRef = E8AE0EF52A90F0C4001AC067 /* ViewController.swift */; };
		E8AE0EFB2A90F0C6001AC067 /* Assets.xcassets in Resources */ = {isa = PBXBuildFile; fileRef = E8AE0EFA2A90F0C6001AC067 /* Assets.xcassets */; };
		E8AE0EFE2A90F0C6001AC067 /* LaunchScreen.storyboard in Resources */ = {isa = PBXBuildFile; fileRef = E8AE0EFC2A90F0C6001AC067 /* LaunchScreen.storyboard */; };
		E8AE0F0C2A90F832001AC067 /* Constants.swift in Sources */ = {isa = PBXBuildFile; fileRef = E8AE0F0B2A90F832001AC067 /* Constants.swift */; };
		E8AE0F0F2A91044A001AC067 /* Gilroy-Semibold.ttf in Resources */ = {isa = PBXBuildFile; fileRef = E8AE0F0E2A91044A001AC067 /* Gilroy-Semibold.ttf */; };
		E8AE0F112A910453001AC067 /* Gilroy-Medium.ttf in Resources */ = {isa = PBXBuildFile; fileRef = E8AE0F102A910453001AC067 /* Gilroy-Medium.ttf */; };
		E8AE0F132A91045B001AC067 /* Gilroy-Bold.ttf in Resources */ = {isa = PBXBuildFile; fileRef = E8AE0F122A91045B001AC067 /* Gilroy-Bold.ttf */; };
/* End PBXBuildFile section */

/* Begin PBXFileReference section */
		E8AE0EEE2A90F0C4001AC067 /* RickAndMorty.app */ = {isa = PBXFileReference; explicitFileType = wrapper.application; includeInIndex = 0; path = RickAndMorty.app; sourceTree = BUILT_PRODUCTS_DIR; };
		E8AE0EF12A90F0C4001AC067 /* AppDelegate.swift */ = {isa = PBXFileReference; lastKnownFileType = sourcecode.swift; path = AppDelegate.swift; sourceTree = "<group>"; };
		E8AE0EF32A90F0C4001AC067 /* SceneDelegate.swift */ = {isa = PBXFileReference; lastKnownFileType = sourcecode.swift; path = SceneDelegate.swift; sourceTree = "<group>"; };
		E8AE0EF52A90F0C4001AC067 /* ViewController.swift */ = {isa = PBXFileReference; lastKnownFileType = sourcecode.swift; path = ViewController.swift; sourceTree = "<group>"; };
		E8AE0EFA2A90F0C6001AC067 /* Assets.xcassets */ = {isa = PBXFileReference; lastKnownFileType = folder.assetcatalog; path = Assets.xcassets; sourceTree = "<group>"; };
		E8AE0EFD2A90F0C6001AC067 /* Base */ = {isa = PBXFileReference; lastKnownFileType = file.storyboard; name = Base; path = Base.lproj/LaunchScreen.storyboard; sourceTree = "<group>"; };
		E8AE0EFF2A90F0C6001AC067 /* Info.plist */ = {isa = PBXFileReference; lastKnownFileType = text.plist.xml; path = Info.plist; sourceTree = "<group>"; };
		E8AE0F0B2A90F832001AC067 /* Constants.swift */ = {isa = PBXFileReference; lastKnownFileType = sourcecode.swift; path = Constants.swift; sourceTree = "<group>"; };
		E8AE0F0E2A91044A001AC067 /* Gilroy-Semibold.ttf */ = {isa = PBXFileReference; lastKnownFileType = file; path = "Gilroy-Semibold.ttf"; sourceTree = "<group>"; };
		E8AE0F102A910453001AC067 /* Gilroy-Medium.ttf */ = {isa = PBXFileReference; lastKnownFileType = file; path = "Gilroy-Medium.ttf"; sourceTree = "<group>"; };
		E8AE0F122A91045B001AC067 /* Gilroy-Bold.ttf */ = {isa = PBXFileReference; lastKnownFileType = file; path = "Gilroy-Bold.ttf"; sourceTree = "<group>"; };
/* End PBXFileReference section */

/* Begin PBXFrameworksBuildPhase section */
		E8AE0EEB2A90F0C4001AC067 /* Frameworks */ = {
			isa = PBXFrameworksBuildPhase;
			buildActionMask = 2147483647;
			files = (
			);
			runOnlyForDeploymentPostprocessing = 0;
		};
/* End PBXFrameworksBuildPhase section */

/* Begin PBXGroup section */
		E8AE0EE52A90F0C4001AC067 = {
			isa = PBXGroup;
			children = (
				E8AE0EF02A90F0C4001AC067 /* RickAndMorty */,
				E8AE0EEF2A90F0C4001AC067 /* Products */,
			);
			sourceTree = "<group>";
		};
		E8AE0EEF2A90F0C4001AC067 /* Products */ = {
			isa = PBXGroup;
			children = (
				E8AE0EEE2A90F0C4001AC067 /* RickAndMorty.app */,
			);
			name = Products;
			sourceTree = "<group>";
		};
		E8AE0EF02A90F0C4001AC067 /* RickAndMorty */ = {
			isa = PBXGroup;
			children = (
				E8AE0F092A90F1DA001AC067 /* Application */,
				E8AE0F082A90F1CD001AC067 /* Modules */,
				E8AE0F072A90F1C8001AC067 /* New Group2 */,
				E8AE0F062A90F1BB001AC067 /* Extensions */,
				E8AE0F0A2A90F53D001AC067 /* Services */,
				E8AE0F052A90F1B7001AC067 /* Resources */,
			);
			path = RickAndMorty;
			sourceTree = "<group>";
		};
		E8AE0F052A90F1B7001AC067 /* Resources */ = {
			isa = PBXGroup;
			children = (
				E8AE0F0D2A910397001AC067 /* Fonts */,
				E8AE0EFA2A90F0C6001AC067 /* Assets.xcassets */,
				E8AE0F0B2A90F832001AC067 /* Constants.swift */,
				E8AE0EFC2A90F0C6001AC067 /* LaunchScreen.storyboard */,
				E8AE0EFF2A90F0C6001AC067 /* Info.plist */,
			);
			path = Resources;
			sourceTree = "<group>";
		};
		E8AE0F062A90F1BB001AC067 /* Extensions */ = {
			isa = PBXGroup;
			children = (
			);
			path = Extensions;
			sourceTree = "<group>";
		};
		E8AE0F072A90F1C8001AC067 /* New Group2 */ = {
			isa = PBXGroup;
			children = (
			);
			path = "New Group2";
			sourceTree = "<group>";
		};
		E8AE0F082A90F1CD001AC067 /* Modules */ = {
			isa = PBXGroup;
			children = (
				E8AE0EF52A90F0C4001AC067 /* ViewController.swift */,
			);
			path = Modules;
			sourceTree = "<group>";
		};
		E8AE0F092A90F1DA001AC067 /* Application */ = {
			isa = PBXGroup;
			children = (
				E8AE0EF12A90F0C4001AC067 /* AppDelegate.swift */,
				E8AE0EF32A90F0C4001AC067 /* SceneDelegate.swift */,
			);
			path = Application;
			sourceTree = "<group>";
		};
		E8AE0F0A2A90F53D001AC067 /* Services */ = {
			isa = PBXGroup;
			children = (
			);
			path = Services;
			sourceTree = "<group>";
		};
		E8AE0F0D2A910397001AC067 /* Fonts */ = {
			isa = PBXGroup;
			children = (
				E8AE0F122A91045B001AC067 /* Gilroy-Bold.ttf */,
				E8AE0F102A910453001AC067 /* Gilroy-Medium.ttf */,
				E8AE0F0E2A91044A001AC067 /* Gilroy-Semibold.ttf */,
			);
			path = Fonts;
			sourceTree = "<group>";
		};
/* End PBXGroup section */

/* Begin PBXNativeTarget section */
		E8AE0EED2A90F0C4001AC067 /* RickAndMorty */ = {
			isa = PBXNativeTarget;
			buildConfigurationList = E8AE0F022A90F0C6001AC067 /* Build configuration list for PBXNativeTarget "RickAndMorty" */;
			buildPhases = (
				E8AE0EEA2A90F0C4001AC067 /* Sources */,
				E8AE0EEB2A90F0C4001AC067 /* Frameworks */,
				E8AE0EEC2A90F0C4001AC067 /* Resources */,
			);
			buildRules = (
			);
			dependencies = (
			);
			name = RickAndMorty;
			productName = RickAndMorty;
			productReference = E8AE0EEE2A90F0C4001AC067 /* RickAndMorty.app */;
			productType = "com.apple.product-type.application";
		};
/* End PBXNativeTarget section */

/* Begin PBXProject section */
		E8AE0EE62A90F0C4001AC067 /* Project object */ = {
			isa = PBXProject;
			attributes = {
				BuildIndependentTargetsInParallel = 1;
				LastSwiftUpdateCheck = 1430;
				LastUpgradeCheck = 1430;
				TargetAttributes = {
					E8AE0EED2A90F0C4001AC067 = {
						CreatedOnToolsVersion = 14.3.1;
					};
				};
			};
			buildConfigurationList = E8AE0EE92A90F0C4001AC067 /* Build configuration list for PBXProject "RickAndMorty" */;
			compatibilityVersion = "Xcode 14.0";
			developmentRegion = en;
			hasScannedForEncodings = 0;
			knownRegions = (
				en,
				Base,
			);
			mainGroup = E8AE0EE52A90F0C4001AC067;
			productRefGroup = E8AE0EEF2A90F0C4001AC067 /* Products */;
			projectDirPath = "";
			projectRoot = "";
			targets = (
				E8AE0EED2A90F0C4001AC067 /* RickAndMorty */,
			);
		};
/* End PBXProject section */

/* Begin PBXResourcesBuildPhase section */
		E8AE0EEC2A90F0C4001AC067 /* Resources */ = {
			isa = PBXResourcesBuildPhase;
			buildActionMask = 2147483647;
			files = (
				E8AE0F0F2A91044A001AC067 /* Gilroy-Semibold.ttf in Resources */,
				E8AE0F112A910453001AC067 /* Gilroy-Medium.ttf in Resources */,
				E8AE0F132A91045B001AC067 /* Gilroy-Bold.ttf in Resources */,
				E8AE0EFE2A90F0C6001AC067 /* LaunchScreen.storyboard in Resources */,
				E8AE0EFB2A90F0C6001AC067 /* Assets.xcassets in Resources */,
			);
			runOnlyForDeploymentPostprocessing = 0;
		};
/* End PBXResourcesBuildPhase section */

/* Begin PBXSourcesBuildPhase section */
		E8AE0EEA2A90F0C4001AC067 /* Sources */ = {
			isa = PBXSourcesBuildPhase;
			buildActionMask = 2147483647;
			files = (
				E8AE0EF62A90F0C4001AC067 /* ViewController.swift in Sources */,
				E8AE0EF22A90F0C4001AC067 /* AppDelegate.swift in Sources */,
				E8AE0EF42A90F0C4001AC067 /* SceneDelegate.swift in Sources */,
				E8AE0F0C2A90F832001AC067 /* Constants.swift in Sources */,
			);
			runOnlyForDeploymentPostprocessing = 0;
		};
/* End PBXSourcesBuildPhase section */

/* Begin PBXVariantGroup section */
		E8AE0EFC2A90F0C6001AC067 /* LaunchScreen.storyboard */ = {
			isa = PBXVariantGroup;
			children = (
				E8AE0EFD2A90F0C6001AC067 /* Base */,
			);
			name = LaunchScreen.storyboard;
			sourceTree = "<group>";
		};
/* End PBXVariantGroup section */

/* Begin XCBuildConfiguration section */
		E8AE0F002A90F0C6001AC067 /* Debug */ = {
			isa = XCBuildConfiguration;
			buildSettings = {
				ALWAYS_SEARCH_USER_PATHS = NO;
				CLANG_ANALYZER_NONNULL = YES;
				CLANG_ANALYZER_NUMBER_OBJECT_CONVERSION = YES_AGGRESSIVE;
				CLANG_CXX_LANGUAGE_STANDARD = "gnu++20";
				CLANG_ENABLE_MODULES = YES;
				CLANG_ENABLE_OBJC_ARC = YES;
				CLANG_ENABLE_OBJC_WEAK = YES;
				CLANG_WARN_BLOCK_CAPTURE_AUTORELEASING = YES;
				CLANG_WARN_BOOL_CONVERSION = YES;
				CLANG_WARN_COMMA = YES;
				CLANG_WARN_CONSTANT_CONVERSION = YES;
				CLANG_WARN_DEPRECATED_OBJC_IMPLEMENTATIONS = YES;
				CLANG_WARN_DIRECT_OBJC_ISA_USAGE = YES_ERROR;
				CLANG_WARN_DOCUMENTATION_COMMENTS = YES;
				CLANG_WARN_EMPTY_BODY = YES;
				CLANG_WARN_ENUM_CONVERSION = YES;
				CLANG_WARN_INFINITE_RECURSION = YES;
				CLANG_WARN_INT_CONVERSION = YES;
				CLANG_WARN_NON_LITERAL_NULL_CONVERSION = YES;
				CLANG_WARN_OBJC_IMPLICIT_RETAIN_SELF = YES;
				CLANG_WARN_OBJC_LITERAL_CONVERSION = YES;
				CLANG_WARN_OBJC_ROOT_CLASS = YES_ERROR;
				CLANG_WARN_QUOTED_INCLUDE_IN_FRAMEWORK_HEADER = YES;
				CLANG_WARN_RANGE_LOOP_ANALYSIS = YES;
				CLANG_WARN_STRICT_PROTOTYPES = YES;
				CLANG_WARN_SUSPICIOUS_MOVE = YES;
				CLANG_WARN_UNGUARDED_AVAILABILITY = YES_AGGRESSIVE;
				CLANG_WARN_UNREACHABLE_CODE = YES;
				CLANG_WARN__DUPLICATE_METHOD_MATCH = YES;
				COPY_PHASE_STRIP = NO;
				DEBUG_INFORMATION_FORMAT = dwarf;
				ENABLE_STRICT_OBJC_MSGSEND = YES;
				ENABLE_TESTABILITY = YES;
				GCC_C_LANGUAGE_STANDARD = gnu11;
				GCC_DYNAMIC_NO_PIC = NO;
				GCC_NO_COMMON_BLOCKS = YES;
				GCC_OPTIMIZATION_LEVEL = 0;
				GCC_PREPROCESSOR_DEFINITIONS = (
					"DEBUG=1",
					"$(inherited)",
				);
				GCC_WARN_64_TO_32_BIT_CONVERSION = YES;
				GCC_WARN_ABOUT_RETURN_TYPE = YES_ERROR;
				GCC_WARN_UNDECLARED_SELECTOR = YES;
				GCC_WARN_UNINITIALIZED_AUTOS = YES_AGGRESSIVE;
				GCC_WARN_UNUSED_FUNCTION = YES;
				GCC_WARN_UNUSED_VARIABLE = YES;
				IPHONEOS_DEPLOYMENT_TARGET = 16.4;
				MTL_ENABLE_DEBUG_INFO = INCLUDE_SOURCE;
				MTL_FAST_MATH = YES;
				ONLY_ACTIVE_ARCH = YES;
				SDKROOT = iphoneos;
				SWIFT_ACTIVE_COMPILATION_CONDITIONS = DEBUG;
				SWIFT_OPTIMIZATION_LEVEL = "-Onone";
			};
			name = Debug;
		};
		E8AE0F012A90F0C6001AC067 /* Release */ = {
			isa = XCBuildConfiguration;
			buildSettings = {
				ALWAYS_SEARCH_USER_PATHS = NO;
				CLANG_ANALYZER_NONNULL = YES;
				CLANG_ANALYZER_NUMBER_OBJECT_CONVERSION = YES_AGGRESSIVE;
				CLANG_CXX_LANGUAGE_STANDARD = "gnu++20";
				CLANG_ENABLE_MODULES = YES;
				CLANG_ENABLE_OBJC_ARC = YES;
				CLANG_ENABLE_OBJC_WEAK = YES;
				CLANG_WARN_BLOCK_CAPTURE_AUTORELEASING = YES;
				CLANG_WARN_BOOL_CONVERSION = YES;
				CLANG_WARN_COMMA = YES;
				CLANG_WARN_CONSTANT_CONVERSION = YES;
				CLANG_WARN_DEPRECATED_OBJC_IMPLEMENTATIONS = YES;
				CLANG_WARN_DIRECT_OBJC_ISA_USAGE = YES_ERROR;
				CLANG_WARN_DOCUMENTATION_COMMENTS = YES;
				CLANG_WARN_EMPTY_BODY = YES;
				CLANG_WARN_ENUM_CONVERSION = YES;
				CLANG_WARN_INFINITE_RECURSION = YES;
				CLANG_WARN_INT_CONVERSION = YES;
				CLANG_WARN_NON_LITERAL_NULL_CONVERSION = YES;
				CLANG_WARN_OBJC_IMPLICIT_RETAIN_SELF = YES;
				CLANG_WARN_OBJC_LITERAL_CONVERSION = YES;
				CLANG_WARN_OBJC_ROOT_CLASS = YES_ERROR;
				CLANG_WARN_QUOTED_INCLUDE_IN_FRAMEWORK_HEADER = YES;
				CLANG_WARN_RANGE_LOOP_ANALYSIS = YES;
				CLANG_WARN_STRICT_PROTOTYPES = YES;
				CLANG_WARN_SUSPICIOUS_MOVE = YES;
				CLANG_WARN_UNGUARDED_AVAILABILITY = YES_AGGRESSIVE;
				CLANG_WARN_UNREACHABLE_CODE = YES;
				CLANG_WARN__DUPLICATE_METHOD_MATCH = YES;
				COPY_PHASE_STRIP = NO;
				DEBUG_INFORMATION_FORMAT = "dwarf-with-dsym";
				ENABLE_NS_ASSERTIONS = NO;
				ENABLE_STRICT_OBJC_MSGSEND = YES;
				GCC_C_LANGUAGE_STANDARD = gnu11;
				GCC_NO_COMMON_BLOCKS = YES;
				GCC_WARN_64_TO_32_BIT_CONVERSION = YES;
				GCC_WARN_ABOUT_RETURN_TYPE = YES_ERROR;
				GCC_WARN_UNDECLARED_SELECTOR = YES;
				GCC_WARN_UNINITIALIZED_AUTOS = YES_AGGRESSIVE;
				GCC_WARN_UNUSED_FUNCTION = YES;
				GCC_WARN_UNUSED_VARIABLE = YES;
				IPHONEOS_DEPLOYMENT_TARGET = 16.4;
				MTL_ENABLE_DEBUG_INFO = NO;
				MTL_FAST_MATH = YES;
				SDKROOT = iphoneos;
				SWIFT_COMPILATION_MODE = wholemodule;
				SWIFT_OPTIMIZATION_LEVEL = "-O";
				VALIDATE_PRODUCT = YES;
			};
			name = Release;
		};
		E8AE0F032A90F0C6001AC067 /* Debug */ = {
			isa = XCBuildConfiguration;
			buildSettings = {
				ASSETCATALOG_COMPILER_APPICON_NAME = AppIcon;
				ASSETCATALOG_COMPILER_GLOBAL_ACCENT_COLOR_NAME = AccentColor;
				CODE_SIGN_STYLE = Automatic;
				CURRENT_PROJECT_VERSION = 1;
				DEVELOPMENT_TEAM = KMUNA49CD3;
				GENERATE_INFOPLIST_FILE = YES;
				INFOPLIST_FILE = RickAndMorty/Resources/Info.plist;
				INFOPLIST_KEY_UIApplicationSupportsIndirectInputEvents = YES;
				INFOPLIST_KEY_UILaunchStoryboardName = LaunchScreen;
				INFOPLIST_KEY_UISupportedInterfaceOrientations = UIInterfaceOrientationPortrait;
				INFOPLIST_KEY_UISupportedInterfaceOrientations_iPad = "UIInterfaceOrientationPortrait UIInterfaceOrientationPortraitUpsideDown";
				LD_RUNPATH_SEARCH_PATHS = (
					"$(inherited)",
					"@executable_path/Frameworks",
				);
				MARKETING_VERSION = 1.0;
				PRODUCT_BUNDLE_IDENTIFIER = com.marinaryabchun.RickAndMorty;
				PRODUCT_NAME = "$(TARGET_NAME)";
				SWIFT_EMIT_LOC_STRINGS = YES;
				SWIFT_VERSION = 5.0;
				TARGETED_DEVICE_FAMILY = "1,2";
			};
			name = Debug;
		};
		E8AE0F042A90F0C6001AC067 /* Release */ = {
			isa = XCBuildConfiguration;
			buildSettings = {
				ASSETCATALOG_COMPILER_APPICON_NAME = AppIcon;
				ASSETCATALOG_COMPILER_GLOBAL_ACCENT_COLOR_NAME = AccentColor;
				CODE_SIGN_STYLE = Automatic;
				CURRENT_PROJECT_VERSION = 1;
				DEVELOPMENT_TEAM = KMUNA49CD3;
				GENERATE_INFOPLIST_FILE = YES;
				INFOPLIST_FILE = RickAndMorty/Resources/Info.plist;
				INFOPLIST_KEY_UIApplicationSupportsIndirectInputEvents = YES;
				INFOPLIST_KEY_UILaunchStoryboardName = LaunchScreen;
				INFOPLIST_KEY_UISupportedInterfaceOrientations = UIInterfaceOrientationPortrait;
				INFOPLIST_KEY_UISupportedInterfaceOrientations_iPad = "UIInterfaceOrientationPortrait UIInterfaceOrientationPortraitUpsideDown";
				LD_RUNPATH_SEARCH_PATHS = (
					"$(inherited)",
					"@executable_path/Frameworks",
				);
				MARKETING_VERSION = 1.0;
				PRODUCT_BUNDLE_IDENTIFIER = com.marinaryabchun.RickAndMorty;
				PRODUCT_NAME = "$(TARGET_NAME)";
				SWIFT_EMIT_LOC_STRINGS = YES;
				SWIFT_VERSION = 5.0;
				TARGETED_DEVICE_FAMILY = "1,2";
			};
			name = Release;
		};
/* End XCBuildConfiguration section */

/* Begin XCConfigurationList section */
		E8AE0EE92A90F0C4001AC067 /* Build configuration list for PBXProject "RickAndMorty" */ = {
			isa = XCConfigurationList;
			buildConfigurations = (
				E8AE0F002A90F0C6001AC067 /* Debug */,
				E8AE0F012A90F0C6001AC067 /* Release */,
			);
			defaultConfigurationIsVisible = 0;
			defaultConfigurationName = Release;
		};
		E8AE0F022A90F0C6001AC067 /* Build configuration list for PBXNativeTarget "RickAndMorty" */ = {
			isa = XCConfigurationList;
			buildConfigurations = (
				E8AE0F032A90F0C6001AC067 /* Debug */,
				E8AE0F042A90F0C6001AC067 /* Release */,
			);
			defaultConfigurationIsVisible = 0;
			defaultConfigurationName = Release;
		};
/* End XCConfigurationList section */
	};
	rootObject = E8AE0EE62A90F0C4001AC067 /* Project object */;
}
